
Microsoft Visual Studio Solution File, Format Version 12.00
# Visual Studio Version 16
VisualStudioVersion = 16.0.29306.81
MinimumVisualStudioVersion = 15.0.26124.0
Project("{2150E333-8FDC-42A3-9474-1A3956D46DE8}") = "src", "src", "{2617396D-AE82-461D-92AB-105BD3356747}"
EndProject
Project("{9A19103F-16F7-4668-BE54-9A1E7A4F7556}") = "Omf.Api", "src\Omf.Api\Omf.Api.csproj", "{B0265DB7-D723-4D83-ABC0-291D5BE4FCB1}"
EndProject
Project("{9A19103F-16F7-4668-BE54-9A1E7A4F7556}") = "Omf.Common", "src\Omf.Common\Omf.Common.csproj", "{00616E7A-BB41-4DF7-A38C-6CF422F733DE}"
EndProject
Project("{2150E333-8FDC-42A3-9474-1A3956D46DE8}") = "tests", "tests", "{FE473157-2B64-4A72-83A4-AC33870C1635}"
EndProject
Project("{9A19103F-16F7-4668-BE54-9A1E7A4F7556}") = "Omf.Api.Tests", "tests\Omf.Api.Tests\Omf.Api.Tests.csproj", "{84C989EA-FB01-4C4E-AA4E-BA3E747FE48E}"
EndProject
Project("{9A19103F-16F7-4668-BE54-9A1E7A4F7556}") = "Omf.Services.Customer.Tests", "tests\Omf.Services.Identity.Tests\Omf.Services.Customer.Tests.csproj", "{DC3EEBFD-FAD7-470B-8736-FB8DFEA0E7D7}"
EndProject
Project("{9A19103F-16F7-4668-BE54-9A1E7A4F7556}") = "Omf.Services.Search", "src\Omf.Services.Search\Omf.Services.Search.csproj", "{425B7F3E-86EF-4B5E-9FB0-379FBDD9D9E9}"
EndProject
Project("{9A19103F-16F7-4668-BE54-9A1E7A4F7556}") = "Omf.Services.Order", "src\Omf.Services.Order\Omf.Services.Order.csproj", "{B11E88C6-D7B3-44AF-907D-75D0036261EC}"
EndProject
Project("{9A19103F-16F7-4668-BE54-9A1E7A4F7556}") = "Omf.Services.Review", "src\Omf.Services.Review\Omf.Services.Review.csproj", "{09F04FE9-10FE-43BF-8F7D-D2F771191B63}"
EndProject
Project("{9A19103F-16F7-4668-BE54-9A1E7A4F7556}") = "Omf.Services.Order.Tests", "tests\Omf.Services.Order.Tests\Omf.Services.Order.Tests.csproj", "{87781E6C-E724-4DEC-841A-D4FB943FB247}"
EndProject
Project("{9A19103F-16F7-4668-BE54-9A1E7A4F7556}") = "Omf.Services.Review.Tests", "tests\Omf.Services.Review.Tests\Omf.Services.Review.Tests.csproj", "{6185B380-9751-44D5-8944-55881334B627}"
EndProject
Project("{9A19103F-16F7-4668-BE54-9A1E7A4F7556}") = "Omf.Services.Search.Tests", "tests\Omf.Services.Search.Tests\Omf.Services.Search.Tests.csproj", "{20809791-1B4B-49FD-82A4-4A36F4100FC4}"
EndProject
Project("{9A19103F-16F7-4668-BE54-9A1E7A4F7556}") = "Omf.Services.Customer", "src\Omf.Services.Customer\Omf.Services.Customer.csproj", "{732422D7-D35E-4B17-A22F-DAEE0DB503D7}"
EndProject
Global
	GlobalSection(SolutionConfigurationPlatforms) = preSolution
		Debug|Any CPU = Debug|Any CPU
		Debug|x64 = Debug|x64
		Debug|x86 = Debug|x86
		Release|Any CPU = Release|Any CPU
		Release|x64 = Release|x64
		Release|x86 = Release|x86
	EndGlobalSection
	GlobalSection(ProjectConfigurationPlatforms) = postSolution
		{B0265DB7-D723-4D83-ABC0-291D5BE4FCB1}.Debug|Any CPU.ActiveCfg = Debug|Any CPU
		{B0265DB7-D723-4D83-ABC0-291D5BE4FCB1}.Debug|Any CPU.Build.0 = Debug|Any CPU
		{B0265DB7-D723-4D83-ABC0-291D5BE4FCB1}.Debug|x64.ActiveCfg = Debug|Any CPU
		{B0265DB7-D723-4D83-ABC0-291D5BE4FCB1}.Debug|x64.Build.0 = Debug|Any CPU
		{B0265DB7-D723-4D83-ABC0-291D5BE4FCB1}.Debug|x86.ActiveCfg = Debug|Any CPU
		{B0265DB7-D723-4D83-ABC0-291D5BE4FCB1}.Debug|x86.Build.0 = Debug|Any CPU
		{B0265DB7-D723-4D83-ABC0-291D5BE4FCB1}.Release|Any CPU.ActiveCfg = Release|Any CPU
		{B0265DB7-D723-4D83-ABC0-291D5BE4FCB1}.Release|Any CPU.Build.0 = Release|Any CPU
		{B0265DB7-D723-4D83-ABC0-291D5BE4FCB1}.Release|x64.ActiveCfg = Release|Any CPU
		{B0265DB7-D723-4D83-ABC0-291D5BE4FCB1}.Release|x64.Build.0 = Release|Any CPU
		{B0265DB7-D723-4D83-ABC0-291D5BE4FCB1}.Release|x86.ActiveCfg = Release|Any CPU
		{B0265DB7-D723-4D83-ABC0-291D5BE4FCB1}.Release|x86.Build.0 = Release|Any CPU
		{00616E7A-BB41-4DF7-A38C-6CF422F733DE}.Debug|Any CPU.ActiveCfg = Debug|Any CPU
		{00616E7A-BB41-4DF7-A38C-6CF422F733DE}.Debug|Any CPU.Build.0 = Debug|Any CPU
		{00616E7A-BB41-4DF7-A38C-6CF422F733DE}.Debug|x64.ActiveCfg = Debug|Any CPU
		{00616E7A-BB41-4DF7-A38C-6CF422F733DE}.Debug|x64.Build.0 = Debug|Any CPU
		{00616E7A-BB41-4DF7-A38C-6CF422F733DE}.Debug|x86.ActiveCfg = Debug|Any CPU
		{00616E7A-BB41-4DF7-A38C-6CF422F733DE}.Debug|x86.Build.0 = Debug|Any CPU
		{00616E7A-BB41-4DF7-A38C-6CF422F733DE}.Release|Any CPU.ActiveCfg = Release|Any CPU
		{00616E7A-BB41-4DF7-A38C-6CF422F733DE}.Release|Any CPU.Build.0 = Release|Any CPU
		{00616E7A-BB41-4DF7-A38C-6CF422F733DE}.Release|x64.ActiveCfg = Release|Any CPU
		{00616E7A-BB41-4DF7-A38C-6CF422F733DE}.Release|x64.Build.0 = Release|Any CPU
		{00616E7A-BB41-4DF7-A38C-6CF422F733DE}.Release|x86.ActiveCfg = Release|Any CPU
		{00616E7A-BB41-4DF7-A38C-6CF422F733DE}.Release|x86.Build.0 = Release|Any CPU
		{84C989EA-FB01-4C4E-AA4E-BA3E747FE48E}.Debug|Any CPU.ActiveCfg = Debug|Any CPU
		{84C989EA-FB01-4C4E-AA4E-BA3E747FE48E}.Debug|Any CPU.Build.0 = Debug|Any CPU
		{84C989EA-FB01-4C4E-AA4E-BA3E747FE48E}.Debug|x64.ActiveCfg = Debug|Any CPU
		{84C989EA-FB01-4C4E-AA4E-BA3E747FE48E}.Debug|x64.Build.0 = Debug|Any CPU
		{84C989EA-FB01-4C4E-AA4E-BA3E747FE48E}.Debug|x86.ActiveCfg = Debug|Any CPU
		{84C989EA-FB01-4C4E-AA4E-BA3E747FE48E}.Debug|x86.Build.0 = Debug|Any CPU
		{84C989EA-FB01-4C4E-AA4E-BA3E747FE48E}.Release|Any CPU.ActiveCfg = Release|Any CPU
		{84C989EA-FB01-4C4E-AA4E-BA3E747FE48E}.Release|Any CPU.Build.0 = Release|Any CPU
		{84C989EA-FB01-4C4E-AA4E-BA3E747FE48E}.Release|x64.ActiveCfg = Release|Any CPU
		{84C989EA-FB01-4C4E-AA4E-BA3E747FE48E}.Release|x64.Build.0 = Release|Any CPU
		{84C989EA-FB01-4C4E-AA4E-BA3E747FE48E}.Release|x86.ActiveCfg = Release|Any CPU
		{84C989EA-FB01-4C4E-AA4E-BA3E747FE48E}.Release|x86.Build.0 = Release|Any CPU
		{DC3EEBFD-FAD7-470B-8736-FB8DFEA0E7D7}.Debug|Any CPU.ActiveCfg = Debug|Any CPU
		{DC3EEBFD-FAD7-470B-8736-FB8DFEA0E7D7}.Debug|Any CPU.Build.0 = Debug|Any CPU
		{DC3EEBFD-FAD7-470B-8736-FB8DFEA0E7D7}.Debug|x64.ActiveCfg = Debug|Any CPU
		{DC3EEBFD-FAD7-470B-8736-FB8DFEA0E7D7}.Debug|x64.Build.0 = Debug|Any CPU
		{DC3EEBFD-FAD7-470B-8736-FB8DFEA0E7D7}.Debug|x86.ActiveCfg = Debug|Any CPU
		{DC3EEBFD-FAD7-470B-8736-FB8DFEA0E7D7}.Debug|x86.Build.0 = Debug|Any CPU
		{DC3EEBFD-FAD7-470B-8736-FB8DFEA0E7D7}.Release|Any CPU.ActiveCfg = Release|Any CPU
		{DC3EEBFD-FAD7-470B-8736-FB8DFEA0E7D7}.Release|Any CPU.Build.0 = Release|Any CPU
		{DC3EEBFD-FAD7-470B-8736-FB8DFEA0E7D7}.Release|x64.ActiveCfg = Release|Any CPU
		{DC3EEBFD-FAD7-470B-8736-FB8DFEA0E7D7}.Release|x64.Build.0 = Release|Any CPU
		{DC3EEBFD-FAD7-470B-8736-FB8DFEA0E7D7}.Release|x86.ActiveCfg = Release|Any CPU
		{DC3EEBFD-FAD7-470B-8736-FB8DFEA0E7D7}.Release|x86.Build.0 = Release|Any CPU
		{425B7F3E-86EF-4B5E-9FB0-379FBDD9D9E9}.Debug|Any CPU.ActiveCfg = Debug|Any CPU
		{425B7F3E-86EF-4B5E-9FB0-379FBDD9D9E9}.Debug|Any CPU.Build.0 = Debug|Any CPU
		{425B7F3E-86EF-4B5E-9FB0-379FBDD9D9E9}.Debug|x64.ActiveCfg = Debug|Any CPU
		{425B7F3E-86EF-4B5E-9FB0-379FBDD9D9E9}.Debug|x64.Build.0 = Debug|Any CPU
		{425B7F3E-86EF-4B5E-9FB0-379FBDD9D9E9}.Debug|x86.ActiveCfg = Debug|Any CPU
		{425B7F3E-86EF-4B5E-9FB0-379FBDD9D9E9}.Debug|x86.Build.0 = Debug|Any CPU
		{425B7F3E-86EF-4B5E-9FB0-379FBDD9D9E9}.Release|Any CPU.ActiveCfg = Release|Any CPU
		{425B7F3E-86EF-4B5E-9FB0-379FBDD9D9E9}.Release|Any CPU.Build.0 = Release|Any CPU
		{425B7F3E-86EF-4B5E-9FB0-379FBDD9D9E9}.Release|x64.ActiveCfg = Release|Any CPU
		{425B7F3E-86EF-4B5E-9FB0-379FBDD9D9E9}.Release|x64.Build.0 = Release|Any CPU
		{425B7F3E-86EF-4B5E-9FB0-379FBDD9D9E9}.Release|x86.ActiveCfg = Release|Any CPU
		{425B7F3E-86EF-4B5E-9FB0-379FBDD9D9E9}.Release|x86.Build.0 = Release|Any CPU
		{B11E88C6-D7B3-44AF-907D-75D0036261EC}.Debug|Any CPU.ActiveCfg = Debug|Any CPU
		{B11E88C6-D7B3-44AF-907D-75D0036261EC}.Debug|Any CPU.Build.0 = Debug|Any CPU
		{B11E88C6-D7B3-44AF-907D-75D0036261EC}.Debug|x64.ActiveCfg = Debug|Any CPU
		{B11E88C6-D7B3-44AF-907D-75D0036261EC}.Debug|x64.Build.0 = Debug|Any CPU
		{B11E88C6-D7B3-44AF-907D-75D0036261EC}.Debug|x86.ActiveCfg = Debug|Any CPU
		{B11E88C6-D7B3-44AF-907D-75D0036261EC}.Debug|x86.Build.0 = Debug|Any CPU
		{B11E88C6-D7B3-44AF-907D-75D0036261EC}.Release|Any CPU.ActiveCfg = Release|Any CPU
		{B11E88C6-D7B3-44AF-907D-75D0036261EC}.Release|Any CPU.Build.0 = Release|Any CPU
		{B11E88C6-D7B3-44AF-907D-75D0036261EC}.Release|x64.ActiveCfg = Release|Any CPU
		{B11E88C6-D7B3-44AF-907D-75D0036261EC}.Release|x64.Build.0 = Release|Any CPU
		{B11E88C6-D7B3-44AF-907D-75D0036261EC}.Release|x86.ActiveCfg = Release|Any CPU
		{B11E88C6-D7B3-44AF-907D-75D0036261EC}.Release|x86.Build.0 = Release|Any CPU
		{09F04FE9-10FE-43BF-8F7D-D2F771191B63}.Debug|Any CPU.ActiveCfg = Debug|Any CPU
		{09F04FE9-10FE-43BF-8F7D-D2F771191B63}.Debug|Any CPU.Build.0 = Debug|Any CPU
		{09F04FE9-10FE-43BF-8F7D-D2F771191B63}.Debug|x64.ActiveCfg = Debug|Any CPU
		{09F04FE9-10FE-43BF-8F7D-D2F771191B63}.Debug|x64.Build.0 = Debug|Any CPU
		{09F04FE9-10FE-43BF-8F7D-D2F771191B63}.Debug|x86.ActiveCfg = Debug|Any CPU
		{09F04FE9-10FE-43BF-8F7D-D2F771191B63}.Debug|x86.Build.0 = Debug|Any CPU
		{09F04FE9-10FE-43BF-8F7D-D2F771191B63}.Release|Any CPU.ActiveCfg = Release|Any CPU
		{09F04FE9-10FE-43BF-8F7D-D2F771191B63}.Release|Any CPU.Build.0 = Release|Any CPU
		{09F04FE9-10FE-43BF-8F7D-D2F771191B63}.Release|x64.ActiveCfg = Release|Any CPU
		{09F04FE9-10FE-43BF-8F7D-D2F771191B63}.Release|x64.Build.0 = Release|Any CPU
		{09F04FE9-10FE-43BF-8F7D-D2F771191B63}.Release|x86.ActiveCfg = Release|Any CPU
		{09F04FE9-10FE-43BF-8F7D-D2F771191B63}.Release|x86.Build.0 = Release|Any CPU
		{87781E6C-E724-4DEC-841A-D4FB943FB247}.Debug|Any CPU.ActiveCfg = Debug|Any CPU
		{87781E6C-E724-4DEC-841A-D4FB943FB247}.Debug|Any CPU.Build.0 = Debug|Any CPU
		{87781E6C-E724-4DEC-841A-D4FB943FB247}.Debug|x64.ActiveCfg = Debug|Any CPU
		{87781E6C-E724-4DEC-841A-D4FB943FB247}.Debug|x64.Build.0 = Debug|Any CPU
		{87781E6C-E724-4DEC-841A-D4FB943FB247}.Debug|x86.ActiveCfg = Debug|Any CPU
		{87781E6C-E724-4DEC-841A-D4FB943FB247}.Debug|x86.Build.0 = Debug|Any CPU
		{87781E6C-E724-4DEC-841A-D4FB943FB247}.Release|Any CPU.ActiveCfg = Release|Any CPU
		{87781E6C-E724-4DEC-841A-D4FB943FB247}.Release|Any CPU.Build.0 = Release|Any CPU
		{87781E6C-E724-4DEC-841A-D4FB943FB247}.Release|x64.ActiveCfg = Release|Any CPU
		{87781E6C-E724-4DEC-841A-D4FB943FB247}.Release|x64.Build.0 = Release|Any CPU
		{87781E6C-E724-4DEC-841A-D4FB943FB247}.Release|x86.ActiveCfg = Release|Any CPU
		{87781E6C-E724-4DEC-841A-D4FB943FB247}.Release|x86.Build.0 = Release|Any CPU
		{6185B380-9751-44D5-8944-55881334B627}.Debug|Any CPU.ActiveCfg = Debug|Any CPU
		{6185B380-9751-44D5-8944-55881334B627}.Debug|Any CPU.Build.0 = Debug|Any CPU
		{6185B380-9751-44D5-8944-55881334B627}.Debug|x64.ActiveCfg = Debug|Any CPU
		{6185B380-9751-44D5-8944-55881334B627}.Debug|x64.Build.0 = Debug|Any CPU
		{6185B380-9751-44D5-8944-55881334B627}.Debug|x86.ActiveCfg = Debug|Any CPU
		{6185B380-9751-44D5-8944-55881334B627}.Debug|x86.Build.0 = Debug|Any CPU
		{6185B380-9751-44D5-8944-55881334B627}.Release|Any CPU.ActiveCfg = Release|Any CPU
		{6185B380-9751-44D5-8944-55881334B627}.Release|Any CPU.Build.0 = Release|Any CPU
		{6185B380-9751-44D5-8944-55881334B627}.Release|x64.ActiveCfg = Release|Any CPU
		{6185B380-9751-44D5-8944-55881334B627}.Release|x64.Build.0 = Release|Any CPU
		{6185B380-9751-44D5-8944-55881334B627}.Release|x86.ActiveCfg = Release|Any CPU
		{6185B380-9751-44D5-8944-55881334B627}.Release|x86.Build.0 = Release|Any CPU
		{20809791-1B4B-49FD-82A4-4A36F4100FC4}.Debug|Any CPU.ActiveCfg = Debug|Any CPU
		{20809791-1B4B-49FD-82A4-4A36F4100FC4}.Debug|Any CPU.Build.0 = Debug|Any CPU
		{20809791-1B4B-49FD-82A4-4A36F4100FC4}.Debug|x64.ActiveCfg = Debug|Any CPU
		{20809791-1B4B-49FD-82A4-4A36F4100FC4}.Debug|x64.Build.0 = Debug|Any CPU
		{20809791-1B4B-49FD-82A4-4A36F4100FC4}.Debug|x86.ActiveCfg = Debug|Any CPU
		{20809791-1B4B-49FD-82A4-4A36F4100FC4}.Debug|x86.Build.0 = Debug|Any CPU
		{20809791-1B4B-49FD-82A4-4A36F4100FC4}.Release|Any CPU.ActiveCfg = Release|Any CPU
		{20809791-1B4B-49FD-82A4-4A36F4100FC4}.Release|Any CPU.Build.0 = Release|Any CPU
		{20809791-1B4B-49FD-82A4-4A36F4100FC4}.Release|x64.ActiveCfg = Release|Any CPU
		{20809791-1B4B-49FD-82A4-4A36F4100FC4}.Release|x64.Build.0 = Release|Any CPU
		{20809791-1B4B-49FD-82A4-4A36F4100FC4}.Release|x86.ActiveCfg = Release|Any CPU
		{20809791-1B4B-49FD-82A4-4A36F4100FC4}.Release|x86.Build.0 = Release|Any CPU
		{732422D7-D35E-4B17-A22F-DAEE0DB503D7}.Debug|Any CPU.ActiveCfg = Debug|Any CPU
		{732422D7-D35E-4B17-A22F-DAEE0DB503D7}.Debug|Any CPU.Build.0 = Debug|Any CPU
		{732422D7-D35E-4B17-A22F-DAEE0DB503D7}.Debug|x64.ActiveCfg = Debug|Any CPU
		{732422D7-D35E-4B17-A22F-DAEE0DB503D7}.Debug|x64.Build.0 = Debug|Any CPU
		{732422D7-D35E-4B17-A22F-DAEE0DB503D7}.Debug|x86.ActiveCfg = Debug|Any CPU
		{732422D7-D35E-4B17-A22F-DAEE0DB503D7}.Debug|x86.Build.0 = Debug|Any CPU
		{732422D7-D35E-4B17-A22F-DAEE0DB503D7}.Release|Any CPU.ActiveCfg = Release|Any CPU
		{732422D7-D35E-4B17-A22F-DAEE0DB503D7}.Release|Any CPU.Build.0 = Release|Any CPU
		{732422D7-D35E-4B17-A22F-DAEE0DB503D7}.Release|x64.ActiveCfg = Release|Any CPU
		{732422D7-D35E-4B17-A22F-DAEE0DB503D7}.Release|x64.Build.0 = Release|Any CPU
		{732422D7-D35E-4B17-A22F-DAEE0DB503D7}.Release|x86.ActiveCfg = Release|Any CPU
		{732422D7-D35E-4B17-A22F-DAEE0DB503D7}.Release|x86.Build.0 = Release|Any CPU
	EndGlobalSection
	GlobalSection(SolutionProperties) = preSolution
		HideSolutionNode = FALSE
	EndGlobalSection
	GlobalSection(NestedProjects) = preSolution
		{B0265DB7-D723-4D83-ABC0-291D5BE4FCB1} = {2617396D-AE82-461D-92AB-105BD3356747}
		{00616E7A-BB41-4DF7-A38C-6CF422F733DE} = {2617396D-AE82-461D-92AB-105BD3356747}
		{84C989EA-FB01-4C4E-AA4E-BA3E747FE48E} = {FE473157-2B64-4A72-83A4-AC33870C1635}
		{DC3EEBFD-FAD7-470B-8736-FB8DFEA0E7D7} = {FE473157-2B64-4A72-83A4-AC33870C1635}
		{425B7F3E-86EF-4B5E-9FB0-379FBDD9D9E9} = {2617396D-AE82-461D-92AB-105BD3356747}
		{B11E88C6-D7B3-44AF-907D-75D0036261EC} = {2617396D-AE82-461D-92AB-105BD3356747}
		{09F04FE9-10FE-43BF-8F7D-D2F771191B63} = {2617396D-AE82-461D-92AB-105BD3356747}
		{87781E6C-E724-4DEC-841A-D4FB943FB247} = {FE473157-2B64-4A72-83A4-AC33870C1635}
		{6185B380-9751-44D5-8944-55881334B627} = {FE473157-2B64-4A72-83A4-AC33870C1635}
		{20809791-1B4B-49FD-82A4-4A36F4100FC4} = {FE473157-2B64-4A72-83A4-AC33870C1635}
		{732422D7-D35E-4B17-A22F-DAEE0DB503D7} = {2617396D-AE82-461D-92AB-105BD3356747}
	EndGlobalSection
	GlobalSection(ExtensibilityGlobals) = postSolution
		SolutionGuid = {A2A567A8-57D6-47D0-878D-8AFD19650701}
	EndGlobalSection
EndGlobal
